// !$*UTF8*$!
{
	archiveVersion = 1;
	classes = {
	};
	objectVersion = 46;
	objects = {

/* Begin PBXBuildFile section */
		E229F3C51BF576EE007011A2 /* Settings.swift in Sources */ = {isa = PBXBuildFile; fileRef = E229F3C41BF576EE007011A2 /* Settings.swift */; };
		E24A36A91BEEA96E008042E0 /* AppDelegate.swift in Sources */ = {isa = PBXBuildFile; fileRef = E24A36A81BEEA96E008042E0 /* AppDelegate.swift */; };
		E24A36AD1BEEA96E008042E0 /* TitleScene.swift in Sources */ = {isa = PBXBuildFile; fileRef = E24A36AC1BEEA96E008042E0 /* TitleScene.swift */; };
		E24A36AF1BEEA96E008042E0 /* GameViewController.swift in Sources */ = {isa = PBXBuildFile; fileRef = E24A36AE1BEEA96E008042E0 /* GameViewController.swift */; };
		E24A36B11BEEA96E008042E0 /* Game.xcassets in Resources */ = {isa = PBXBuildFile; fileRef = E24A36B01BEEA96E008042E0 /* Game.xcassets */; };
		E24A36B41BEEA96E008042E0 /* Main.storyboard in Resources */ = {isa = PBXBuildFile; fileRef = E24A36B21BEEA96E008042E0 /* Main.storyboard */; };
		E24A36B61BEEA96E008042E0 /* Assets.xcassets in Resources */ = {isa = PBXBuildFile; fileRef = E24A36B51BEEA96E008042E0 /* Assets.xcassets */; };
		E24A36C11BEEA96E008042E0 /* spaceinvasionTests.swift in Sources */ = {isa = PBXBuildFile; fileRef = E24A36C01BEEA96E008042E0 /* spaceinvasionTests.swift */; };
		E24A36CC1BEEA96E008042E0 /* spaceinvasionUITests.swift in Sources */ = {isa = PBXBuildFile; fileRef = E24A36CB1BEEA96E008042E0 /* spaceinvasionUITests.swift */; };
		E24A36DA1BEFAD9B008042E0 /* GameScene.swift in Sources */ = {isa = PBXBuildFile; fileRef = E24A36D91BEFAD9B008042E0 /* GameScene.swift */; };
		E24A36DF1BEFD0B3008042E0 /* Ship.swift in Sources */ = {isa = PBXBuildFile; fileRef = E24A36DE1BEFD0B3008042E0 /* Ship.swift */; };
		E24A36E21BEFE86B008042E0 /* CGPoint+Vectors.swift in Sources */ = {isa = PBXBuildFile; fileRef = E24A36E11BEFE86B008042E0 /* CGPoint+Vectors.swift */; };
		E24A36E61BEFF7C3008042E0 /* ShipMissile.swift in Sources */ = {isa = PBXBuildFile; fileRef = E24A36E51BEFF7C3008042E0 /* ShipMissile.swift */; };
		E24A36E81BF037D9008042E0 /* Invader.swift in Sources */ = {isa = PBXBuildFile; fileRef = E24A36E71BF037D9008042E0 /* Invader.swift */; };
		E24A36EA1BF043F3008042E0 /* Invaders.swift in Sources */ = {isa = PBXBuildFile; fileRef = E24A36E91BF043F3008042E0 /* Invaders.swift */; };
		E24A36EC1BF05D21008042E0 /* Random.swift in Sources */ = {isa = PBXBuildFile; fileRef = E24A36EB1BF05D21008042E0 /* Random.swift */; };
		E28D181F1BF2E9BC00C656C0 /* anthem.wav in Resources */ = {isa = PBXBuildFile; fileRef = E28D18191BF2E9BC00C656C0 /* anthem.wav */; };
		E28D18201BF2E9BC00C656C0 /* inv_move_4.wav in Resources */ = {isa = PBXBuildFile; fileRef = E28D181A1BF2E9BC00C656C0 /* inv_move_4.wav */; };
		E28D18211BF2E9BC00C656C0 /* ship_explode.wav in Resources */ = {isa = PBXBuildFile; fileRef = E28D181B1BF2E9BC00C656C0 /* ship_explode.wav */; };
		E28D18221BF2E9BC00C656C0 /* ship_fire.wav in Resources */ = {isa = PBXBuildFile; fileRef = E28D181C1BF2E9BC00C656C0 /* ship_fire.wav */; };
		E28D18231BF2E9BC00C656C0 /* ufo.wav in Resources */ = {isa = PBXBuildFile; fileRef = E28D181D1BF2E9BC00C656C0 /* ufo.wav */; };
		E28D18241BF2E9BC00C656C0 /* ufo_explode.wav in Resources */ = {isa = PBXBuildFile; fileRef = E28D181E1BF2E9BC00C656C0 /* ufo_explode.wav */; };
		E28D18281BF2E9F900C656C0 /* inv_move_1.wav in Resources */ = {isa = PBXBuildFile; fileRef = E28D18251BF2E9F900C656C0 /* inv_move_1.wav */; };
		E28D18291BF2E9F900C656C0 /* inv_move_2.wav in Resources */ = {isa = PBXBuildFile; fileRef = E28D18261BF2E9F900C656C0 /* inv_move_2.wav */; };
		E28D182A1BF2E9F900C656C0 /* inv_move_3.wav in Resources */ = {isa = PBXBuildFile; fileRef = E28D18271BF2E9F900C656C0 /* inv_move_3.wav */; };
		E2987A621BF8393F007B8302 /* LifeIndicators.swift in Sources */ = {isa = PBXBuildFile; fileRef = E2987A611BF8393F007B8302 /* LifeIndicators.swift */; };
		E2A2CC8C1C00AEDD008AA209 /* GameControlling.swift in Sources */ = {isa = PBXBuildFile; fileRef = E2A2CC8B1C00AEDD008AA209 /* GameControlling.swift */; };
		E2A2CC8E1C00B28B008AA209 /* GameControllers.swift in Sources */ = {isa = PBXBuildFile; fileRef = E2A2CC8D1C00B28B008AA209 /* GameControllers.swift */; };
		E2A2CC901C00B362008AA209 /* UIKitGameController.swift in Sources */ = {isa = PBXBuildFile; fileRef = E2A2CC8F1C00B362008AA209 /* UIKitGameController.swift */; };
		E2A2CC921C00C7D4008AA209 /* GameController.swift in Sources */ = {isa = PBXBuildFile; fileRef = E2A2CC911C00C7D4008AA209 /* GameController.swift */; };
		E2A521391BF7F4D100B7B914 /* GameLabel.swift in Sources */ = {isa = PBXBuildFile; fileRef = E2A521381BF7F4D100B7B914 /* GameLabel.swift */; };
		E2A5213C1BF81E0F00B7B914 /* end_game.wav in Resources */ = {isa = PBXBuildFile; fileRef = E2A5213A1BF81E0F00B7B914 /* end_game.wav */; };
		E2A5213D1BF81E0F00B7B914 /* inv_explode.wav in Resources */ = {isa = PBXBuildFile; fileRef = E2A5213B1BF81E0F00B7B914 /* inv_explode.wav */; };
		E2C94FB41BF8D668000C94E8 /* PlayArea.swift in Sources */ = {isa = PBXBuildFile; fileRef = E2C94FB31BF8D668000C94E8 /* PlayArea.swift */; };
		E2C94FB61BF8E9C2000C94E8 /* ScreenConstants.swift in Sources */ = {isa = PBXBuildFile; fileRef = E2C94FB51BF8E9C2000C94E8 /* ScreenConstants.swift */; };
		E2DCEF6F1BFAC55800C94D80 /* InvaderBomb.swift in Sources */ = {isa = PBXBuildFile; fileRef = E2DCEF6E1BFAC55800C94D80 /* InvaderBomb.swift */; };
/* End PBXBuildFile section */

/* Begin PBXContainerItemProxy section */
		E24A36BD1BEEA96E008042E0 /* PBXContainerItemProxy */ = {
			isa = PBXContainerItemProxy;
			containerPortal = E24A369D1BEEA96E008042E0 /* Project object */;
			proxyType = 1;
			remoteGlobalIDString = E24A36A41BEEA96E008042E0;
			remoteInfo = spaceinvasion;
		};
		E24A36C81BEEA96E008042E0 /* PBXContainerItemProxy */ = {
			isa = PBXContainerItemProxy;
			containerPortal = E24A369D1BEEA96E008042E0 /* Project object */;
			proxyType = 1;
			remoteGlobalIDString = E24A36A41BEEA96E008042E0;
			remoteInfo = spaceinvasion;
		};
/* End PBXContainerItemProxy section */

/* Begin PBXFileReference section */
		E229F3C41BF576EE007011A2 /* Settings.swift */ = {isa = PBXFileReference; fileEncoding = 4; lastKnownFileType = sourcecode.swift; path = Settings.swift; sourceTree = "<group>"; };
		E24A36A51BEEA96E008042E0 /* spaceinvasion.app */ = {isa = PBXFileReference; explicitFileType = wrapper.application; includeInIndex = 0; path = spaceinvasion.app; sourceTree = BUILT_PRODUCTS_DIR; };
		E24A36A81BEEA96E008042E0 /* AppDelegate.swift */ = {isa = PBXFileReference; lastKnownFileType = sourcecode.swift; path = AppDelegate.swift; sourceTree = "<group>"; };
		E24A36AC1BEEA96E008042E0 /* TitleScene.swift */ = {isa = PBXFileReference; lastKnownFileType = sourcecode.swift; path = TitleScene.swift; sourceTree = "<group>"; };
		E24A36AE1BEEA96E008042E0 /* GameViewController.swift */ = {isa = PBXFileReference; lastKnownFileType = sourcecode.swift; path = GameViewController.swift; sourceTree = "<group>"; };
		E24A36B01BEEA96E008042E0 /* Game.xcassets */ = {isa = PBXFileReference; lastKnownFileType = folder.assetcatalog; path = Game.xcassets; sourceTree = "<group>"; };
		E24A36B31BEEA96E008042E0 /* Base */ = {isa = PBXFileReference; lastKnownFileType = file.storyboard; name = Base; path = Base.lproj/Main.storyboard; sourceTree = "<group>"; };
		E24A36B51BEEA96E008042E0 /* Assets.xcassets */ = {isa = PBXFileReference; lastKnownFileType = folder.assetcatalog; path = Assets.xcassets; sourceTree = "<group>"; };
		E24A36B71BEEA96E008042E0 /* Info.plist */ = {isa = PBXFileReference; lastKnownFileType = text.plist.xml; path = Info.plist; sourceTree = "<group>"; };
		E24A36BC1BEEA96E008042E0 /* spaceinvasionTests.xctest */ = {isa = PBXFileReference; explicitFileType = wrapper.cfbundle; includeInIndex = 0; path = spaceinvasionTests.xctest; sourceTree = BUILT_PRODUCTS_DIR; };
		E24A36C01BEEA96E008042E0 /* spaceinvasionTests.swift */ = {isa = PBXFileReference; lastKnownFileType = sourcecode.swift; path = spaceinvasionTests.swift; sourceTree = "<group>"; };
		E24A36C21BEEA96E008042E0 /* Info.plist */ = {isa = PBXFileReference; lastKnownFileType = text.plist.xml; path = Info.plist; sourceTree = "<group>"; };
		E24A36C71BEEA96E008042E0 /* spaceinvasionUITests.xctest */ = {isa = PBXFileReference; explicitFileType = wrapper.cfbundle; includeInIndex = 0; path = spaceinvasionUITests.xctest; sourceTree = BUILT_PRODUCTS_DIR; };
		E24A36CB1BEEA96E008042E0 /* spaceinvasionUITests.swift */ = {isa = PBXFileReference; lastKnownFileType = sourcecode.swift; path = spaceinvasionUITests.swift; sourceTree = "<group>"; };
		E24A36CD1BEEA96E008042E0 /* Info.plist */ = {isa = PBXFileReference; lastKnownFileType = text.plist.xml; path = Info.plist; sourceTree = "<group>"; };
		E24A36D91BEFAD9B008042E0 /* GameScene.swift */ = {isa = PBXFileReference; fileEncoding = 4; lastKnownFileType = sourcecode.swift; path = GameScene.swift; sourceTree = "<group>"; };
		E24A36DE1BEFD0B3008042E0 /* Ship.swift */ = {isa = PBXFileReference; fileEncoding = 4; lastKnownFileType = sourcecode.swift; name = Ship.swift; path = Sprites/Ship.swift; sourceTree = "<group>"; };
		E24A36E11BEFE86B008042E0 /* CGPoint+Vectors.swift */ = {isa = PBXFileReference; fileEncoding = 4; lastKnownFileType = sourcecode.swift; name = "CGPoint+Vectors.swift"; path = "Utilities/CGPoint+Vectors.swift"; sourceTree = "<group>"; };
		E24A36E51BEFF7C3008042E0 /* ShipMissile.swift */ = {isa = PBXFileReference; fileEncoding = 4; lastKnownFileType = sourcecode.swift; name = ShipMissile.swift; path = Sprites/ShipMissile.swift; sourceTree = "<group>"; };
		E24A36E71BF037D9008042E0 /* Invader.swift */ = {isa = PBXFileReference; fileEncoding = 4; lastKnownFileType = sourcecode.swift; name = Invader.swift; path = Sprites/Invader.swift; sourceTree = "<group>"; };
		E24A36E91BF043F3008042E0 /* Invaders.swift */ = {isa = PBXFileReference; fileEncoding = 4; lastKnownFileType = sourcecode.swift; name = Invaders.swift; path = Sprites/Invaders.swift; sourceTree = "<group>"; };
		E24A36EB1BF05D21008042E0 /* Random.swift */ = {isa = PBXFileReference; fileEncoding = 4; lastKnownFileType = sourcecode.swift; name = Random.swift; path = Utilities/Random.swift; sourceTree = "<group>"; };
		E28D18191BF2E9BC00C656C0 /* anthem.wav */ = {isa = PBXFileReference; lastKnownFileType = audio.wav; path = anthem.wav; sourceTree = "<group>"; };
		E28D181A1BF2E9BC00C656C0 /* inv_move_4.wav */ = {isa = PBXFileReference; lastKnownFileType = audio.wav; path = inv_move_4.wav; sourceTree = "<group>"; };
		E28D181B1BF2E9BC00C656C0 /* ship_explode.wav */ = {isa = PBXFileReference; lastKnownFileType = audio.wav; path = ship_explode.wav; sourceTree = "<group>"; };
		E28D181C1BF2E9BC00C656C0 /* ship_fire.wav */ = {isa = PBXFileReference; lastKnownFileType = audio.wav; path = ship_fire.wav; sourceTree = "<group>"; };
		E28D181D1BF2E9BC00C656C0 /* ufo.wav */ = {isa = PBXFileReference; lastKnownFileType = audio.wav; path = ufo.wav; sourceTree = "<group>"; };
		E28D181E1BF2E9BC00C656C0 /* ufo_explode.wav */ = {isa = PBXFileReference; lastKnownFileType = audio.wav; path = ufo_explode.wav; sourceTree = "<group>"; };
		E28D18251BF2E9F900C656C0 /* inv_move_1.wav */ = {isa = PBXFileReference; lastKnownFileType = audio.wav; path = inv_move_1.wav; sourceTree = "<group>"; };
		E28D18261BF2E9F900C656C0 /* inv_move_2.wav */ = {isa = PBXFileReference; lastKnownFileType = audio.wav; path = inv_move_2.wav; sourceTree = "<group>"; };
		E28D18271BF2E9F900C656C0 /* inv_move_3.wav */ = {isa = PBXFileReference; lastKnownFileType = audio.wav; path = inv_move_3.wav; sourceTree = "<group>"; };
		E2987A611BF8393F007B8302 /* LifeIndicators.swift */ = {isa = PBXFileReference; fileEncoding = 4; lastKnownFileType = sourcecode.swift; name = LifeIndicators.swift; path = Sprites/LifeIndicators.swift; sourceTree = "<group>"; };
		E2A2CC8B1C00AEDD008AA209 /* GameControlling.swift */ = {isa = PBXFileReference; fileEncoding = 4; lastKnownFileType = sourcecode.swift; name = GameControlling.swift; path = Controllers/GameControlling.swift; sourceTree = "<group>"; };
		E2A2CC8D1C00B28B008AA209 /* GameControllers.swift */ = {isa = PBXFileReference; fileEncoding = 4; lastKnownFileType = sourcecode.swift; path = GameControllers.swift; sourceTree = "<group>"; };
		E2A2CC8F1C00B362008AA209 /* UIKitGameController.swift */ = {isa = PBXFileReference; fileEncoding = 4; lastKnownFileType = sourcecode.swift; name = UIKitGameController.swift; path = Controllers/UIKitGameController.swift; sourceTree = "<group>"; };
		E2A2CC911C00C7D4008AA209 /* GameController.swift */ = {isa = PBXFileReference; fileEncoding = 4; lastKnownFileType = sourcecode.swift; name = GameController.swift; path = Controllers/GameController.swift; sourceTree = "<group>"; };
		E2A521381BF7F4D100B7B914 /* GameLabel.swift */ = {isa = PBXFileReference; fileEncoding = 4; lastKnownFileType = sourcecode.swift; path = GameLabel.swift; sourceTree = "<group>"; };
		E2A5213A1BF81E0F00B7B914 /* end_game.wav */ = {isa = PBXFileReference; lastKnownFileType = audio.wav; path = end_game.wav; sourceTree = "<group>"; };
		E2A5213B1BF81E0F00B7B914 /* inv_explode.wav */ = {isa = PBXFileReference; lastKnownFileType = audio.wav; path = inv_explode.wav; sourceTree = "<group>"; };
		E2C94FB31BF8D668000C94E8 /* PlayArea.swift */ = {isa = PBXFileReference; fileEncoding = 4; lastKnownFileType = sourcecode.swift; name = PlayArea.swift; path = Sprites/PlayArea.swift; sourceTree = "<group>"; };
		E2C94FB51BF8E9C2000C94E8 /* ScreenConstants.swift */ = {isa = PBXFileReference; fileEncoding = 4; lastKnownFileType = sourcecode.swift; path = ScreenConstants.swift; sourceTree = "<group>"; };
		E2DCEF6E1BFAC55800C94D80 /* InvaderBomb.swift */ = {isa = PBXFileReference; fileEncoding = 4; lastKnownFileType = sourcecode.swift; name = InvaderBomb.swift; path = Sprites/InvaderBomb.swift; sourceTree = "<group>"; };
/* End PBXFileReference section */

/* Begin PBXFrameworksBuildPhase section */
		E24A36A21BEEA96E008042E0 /* Frameworks */ = {
			isa = PBXFrameworksBuildPhase;
			buildActionMask = 2147483647;
			files = (
			);
			runOnlyForDeploymentPostprocessing = 0;
		};
		E24A36B91BEEA96E008042E0 /* Frameworks */ = {
			isa = PBXFrameworksBuildPhase;
			buildActionMask = 2147483647;
			files = (
			);
			runOnlyForDeploymentPostprocessing = 0;
		};
		E24A36C41BEEA96E008042E0 /* Frameworks */ = {
			isa = PBXFrameworksBuildPhase;
			buildActionMask = 2147483647;
			files = (
			);
			runOnlyForDeploymentPostprocessing = 0;
		};
/* End PBXFrameworksBuildPhase section */

/* Begin PBXGroup section */
		E24A369C1BEEA96E008042E0 = {
			isa = PBXGroup;
			children = (
				E24A36A71BEEA96E008042E0 /* spaceinvasion */,
				E24A36BF1BEEA96E008042E0 /* spaceinvasionTests */,
				E24A36CA1BEEA96E008042E0 /* spaceinvasionUITests */,
				E24A36A61BEEA96E008042E0 /* Products */,
			);
			sourceTree = "<group>";
		};
		E24A36A61BEEA96E008042E0 /* Products */ = {
			isa = PBXGroup;
			children = (
				E24A36A51BEEA96E008042E0 /* spaceinvasion.app */,
				E24A36BC1BEEA96E008042E0 /* spaceinvasionTests.xctest */,
				E24A36C71BEEA96E008042E0 /* spaceinvasionUITests.xctest */,
			);
			name = Products;
			sourceTree = "<group>";
		};
		E24A36A71BEEA96E008042E0 /* spaceinvasion */ = {
			isa = PBXGroup;
			children = (
				E28D18181BF2E9BC00C656C0 /* Audio */,
				E2A2CC8A1C00AE7B008AA209 /* Controllers */,
				E24A36E01BEFE82C008042E0 /* Utilities */,
				E24A36DD1BEFD049008042E0 /* Sprites */,
				E24A36A81BEEA96E008042E0 /* AppDelegate.swift */,
				E229F3C41BF576EE007011A2 /* Settings.swift */,
				E2C94FB51BF8E9C2000C94E8 /* ScreenConstants.swift */,
				E24A36AE1BEEA96E008042E0 /* GameViewController.swift */,
				E24A36AC1BEEA96E008042E0 /* TitleScene.swift */,
				E24A36D91BEFAD9B008042E0 /* GameScene.swift */,
				E24A36B21BEEA96E008042E0 /* Main.storyboard */,
				E24A36B01BEEA96E008042E0 /* Game.xcassets */,
				E24A36B51BEEA96E008042E0 /* Assets.xcassets */,
				E24A36B71BEEA96E008042E0 /* Info.plist */,
			);
			path = spaceinvasion;
			sourceTree = "<group>";
		};
		E24A36BF1BEEA96E008042E0 /* spaceinvasionTests */ = {
			isa = PBXGroup;
			children = (
				E24A36C01BEEA96E008042E0 /* spaceinvasionTests.swift */,
				E24A36C21BEEA96E008042E0 /* Info.plist */,
			);
			path = spaceinvasionTests;
			sourceTree = "<group>";
		};
		E24A36CA1BEEA96E008042E0 /* spaceinvasionUITests */ = {
			isa = PBXGroup;
			children = (
				E24A36CB1BEEA96E008042E0 /* spaceinvasionUITests.swift */,
				E24A36CD1BEEA96E008042E0 /* Info.plist */,
			);
			path = spaceinvasionUITests;
			sourceTree = "<group>";
		};
		E24A36DD1BEFD049008042E0 /* Sprites */ = {
			isa = PBXGroup;
			children = (
				E2A521381BF7F4D100B7B914 /* GameLabel.swift */,
				E24A36E71BF037D9008042E0 /* Invader.swift */,
				E24A36E91BF043F3008042E0 /* Invaders.swift */,
				E2DCEF6E1BFAC55800C94D80 /* InvaderBomb.swift */,
				E2987A611BF8393F007B8302 /* LifeIndicators.swift */,
				E2C94FB31BF8D668000C94E8 /* PlayArea.swift */,
				E24A36DE1BEFD0B3008042E0 /* Ship.swift */,
				E24A36E51BEFF7C3008042E0 /* ShipMissile.swift */,
			);
			name = Sprites;
			sourceTree = "<group>";
		};
		E24A36E01BEFE82C008042E0 /* Utilities */ = {
			isa = PBXGroup;
			children = (
				E24A36E11BEFE86B008042E0 /* CGPoint+Vectors.swift */,
				E24A36EB1BF05D21008042E0 /* Random.swift */,
			);
			name = Utilities;
			sourceTree = "<group>";
		};
		E28D18181BF2E9BC00C656C0 /* Audio */ = {
			isa = PBXGroup;
			children = (
				E28D18191BF2E9BC00C656C0 /* anthem.wav */,
				E2A5213A1BF81E0F00B7B914 /* end_game.wav */,
				E2A5213B1BF81E0F00B7B914 /* inv_explode.wav */,
				E28D18251BF2E9F900C656C0 /* inv_move_1.wav */,
				E28D18261BF2E9F900C656C0 /* inv_move_2.wav */,
				E28D18271BF2E9F900C656C0 /* inv_move_3.wav */,
				E28D181A1BF2E9BC00C656C0 /* inv_move_4.wav */,
				E28D181B1BF2E9BC00C656C0 /* ship_explode.wav */,
				E28D181C1BF2E9BC00C656C0 /* ship_fire.wav */,
				E28D181D1BF2E9BC00C656C0 /* ufo.wav */,
				E28D181E1BF2E9BC00C656C0 /* ufo_explode.wav */,
			);
			path = Audio;
			sourceTree = "<group>";
		};
		E2A2CC8A1C00AE7B008AA209 /* Controllers */ = {
			isa = PBXGroup;
			children = (
				E2A2CC8B1C00AEDD008AA209 /* GameControlling.swift */,
				E2A2CC8D1C00B28B008AA209 /* GameControllers.swift */,
				E2A2CC911C00C7D4008AA209 /* GameController.swift */,
				E2A2CC8F1C00B362008AA209 /* UIKitGameController.swift */,
			);
			name = Controllers;
			sourceTree = "<group>";
		};
/* End PBXGroup section */

/* Begin PBXNativeTarget section */
		E24A36A41BEEA96E008042E0 /* spaceinvasion */ = {
			isa = PBXNativeTarget;
			buildConfigurationList = E24A36D01BEEA96E008042E0 /* Build configuration list for PBXNativeTarget "spaceinvasion" */;
			buildPhases = (
				E24A36A11BEEA96E008042E0 /* Sources */,
				E24A36A21BEEA96E008042E0 /* Frameworks */,
				E24A36A31BEEA96E008042E0 /* Resources */,
			);
			buildRules = (
			);
			dependencies = (
			);
			name = spaceinvasion;
			productName = spaceinvasion;
			productReference = E24A36A51BEEA96E008042E0 /* spaceinvasion.app */;
			productType = "com.apple.product-type.application";
		};
		E24A36BB1BEEA96E008042E0 /* spaceinvasionTests */ = {
			isa = PBXNativeTarget;
			buildConfigurationList = E24A36D31BEEA96E008042E0 /* Build configuration list for PBXNativeTarget "spaceinvasionTests" */;
			buildPhases = (
				E24A36B81BEEA96E008042E0 /* Sources */,
				E24A36B91BEEA96E008042E0 /* Frameworks */,
				E24A36BA1BEEA96E008042E0 /* Resources */,
			);
			buildRules = (
			);
			dependencies = (
				E24A36BE1BEEA96E008042E0 /* PBXTargetDependency */,
			);
			name = spaceinvasionTests;
			productName = spaceinvasionTests;
			productReference = E24A36BC1BEEA96E008042E0 /* spaceinvasionTests.xctest */;
			productType = "com.apple.product-type.bundle.unit-test";
		};
		E24A36C61BEEA96E008042E0 /* spaceinvasionUITests */ = {
			isa = PBXNativeTarget;
			buildConfigurationList = E24A36D61BEEA96E008042E0 /* Build configuration list for PBXNativeTarget "spaceinvasionUITests" */;
			buildPhases = (
				E24A36C31BEEA96E008042E0 /* Sources */,
				E24A36C41BEEA96E008042E0 /* Frameworks */,
				E24A36C51BEEA96E008042E0 /* Resources */,
			);
			buildRules = (
			);
			dependencies = (
				E24A36C91BEEA96E008042E0 /* PBXTargetDependency */,
			);
			name = spaceinvasionUITests;
			productName = spaceinvasionUITests;
			productReference = E24A36C71BEEA96E008042E0 /* spaceinvasionUITests.xctest */;
			productType = "com.apple.product-type.bundle.ui-testing";
		};
/* End PBXNativeTarget section */

/* Begin PBXProject section */
		E24A369D1BEEA96E008042E0 /* Project object */ = {
			isa = PBXProject;
			attributes = {
				LastSwiftUpdateCheck = 0710;
				LastUpgradeCheck = 0710;
				ORGANIZATIONNAME = "Thomas H Aylesworth";
				TargetAttributes = {
					E24A36A41BEEA96E008042E0 = {
						CreatedOnToolsVersion = 7.1;
					};
					E24A36BB1BEEA96E008042E0 = {
						CreatedOnToolsVersion = 7.1;
						TestTargetID = E24A36A41BEEA96E008042E0;
					};
					E24A36C61BEEA96E008042E0 = {
						CreatedOnToolsVersion = 7.1;
						TestTargetID = E24A36A41BEEA96E008042E0;
					};
				};
			};
			buildConfigurationList = E24A36A01BEEA96E008042E0 /* Build configuration list for PBXProject "spaceinvasion" */;
			compatibilityVersion = "Xcode 3.2";
			developmentRegion = English;
			hasScannedForEncodings = 0;
			knownRegions = (
				en,
				Base,
			);
			mainGroup = E24A369C1BEEA96E008042E0;
			productRefGroup = E24A36A61BEEA96E008042E0 /* Products */;
			projectDirPath = "";
			projectRoot = "";
			targets = (
				E24A36A41BEEA96E008042E0 /* spaceinvasion */,
				E24A36BB1BEEA96E008042E0 /* spaceinvasionTests */,
				E24A36C61BEEA96E008042E0 /* spaceinvasionUITests */,
			);
		};
/* End PBXProject section */

/* Begin PBXResourcesBuildPhase section */
		E24A36A31BEEA96E008042E0 /* Resources */ = {
			isa = PBXResourcesBuildPhase;
			buildActionMask = 2147483647;
			files = (
				E28D18211BF2E9BC00C656C0 /* ship_explode.wav in Resources */,
				E28D18221BF2E9BC00C656C0 /* ship_fire.wav in Resources */,
				E24A36B41BEEA96E008042E0 /* Main.storyboard in Resources */,
				E28D18291BF2E9F900C656C0 /* inv_move_2.wav in Resources */,
				E24A36B61BEEA96E008042E0 /* Assets.xcassets in Resources */,
				E24A36B11BEEA96E008042E0 /* Game.xcassets in Resources */,
				E2A5213D1BF81E0F00B7B914 /* inv_explode.wav in Resources */,
				E28D18231BF2E9BC00C656C0 /* ufo.wav in Resources */,
				E28D182A1BF2E9F900C656C0 /* inv_move_3.wav in Resources */,
				E28D181F1BF2E9BC00C656C0 /* anthem.wav in Resources */,
				E2A5213C1BF81E0F00B7B914 /* end_game.wav in Resources */,
				E28D18241BF2E9BC00C656C0 /* ufo_explode.wav in Resources */,
				E28D18201BF2E9BC00C656C0 /* inv_move_4.wav in Resources */,
				E28D18281BF2E9F900C656C0 /* inv_move_1.wav in Resources */,
			);
			runOnlyForDeploymentPostprocessing = 0;
		};
		E24A36BA1BEEA96E008042E0 /* Resources */ = {
			isa = PBXResourcesBuildPhase;
			buildActionMask = 2147483647;
			files = (
			);
			runOnlyForDeploymentPostprocessing = 0;
		};
		E24A36C51BEEA96E008042E0 /* Resources */ = {
			isa = PBXResourcesBuildPhase;
			buildActionMask = 2147483647;
			files = (
			);
			runOnlyForDeploymentPostprocessing = 0;
		};
/* End PBXResourcesBuildPhase section */

/* Begin PBXSourcesBuildPhase section */
		E24A36A11BEEA96E008042E0 /* Sources */ = {
			isa = PBXSourcesBuildPhase;
			buildActionMask = 2147483647;
			files = (
				E2DCEF6F1BFAC55800C94D80 /* InvaderBomb.swift in Sources */,
				E24A36E81BF037D9008042E0 /* Invader.swift in Sources */,
				E2C94FB61BF8E9C2000C94E8 /* ScreenConstants.swift in Sources */,
				E2C94FB41BF8D668000C94E8 /* PlayArea.swift in Sources */,
				E24A36AD1BEEA96E008042E0 /* TitleScene.swift in Sources */,
				E24A36EC1BF05D21008042E0 /* Random.swift in Sources */,
				E24A36E61BEFF7C3008042E0 /* ShipMissile.swift in Sources */,
				E2A2CC8C1C00AEDD008AA209 /* GameControlling.swift in Sources */,
				E2A2CC901C00B362008AA209 /* UIKitGameController.swift in Sources */,
				E24A36AF1BEEA96E008042E0 /* GameViewController.swift in Sources */,
				E24A36DA1BEFAD9B008042E0 /* GameScene.swift in Sources */,
				E2987A621BF8393F007B8302 /* LifeIndicators.swift in Sources */,
				E24A36EA1BF043F3008042E0 /* Invaders.swift in Sources */,
				E2A2CC921C00C7D4008AA209 /* GameController.swift in Sources */,
				E2A521391BF7F4D100B7B914 /* GameLabel.swift in Sources */,
				E24A36E21BEFE86B008042E0 /* CGPoint+Vectors.swift in Sources */,
				E24A36A91BEEA96E008042E0 /* AppDelegate.swift in Sources */,
				E229F3C51BF576EE007011A2 /* Settings.swift in Sources */,
				E24A36DF1BEFD0B3008042E0 /* Ship.swift in Sources */,
				E2A2CC8E1C00B28B008AA209 /* GameControllers.swift in Sources */,
			);
			runOnlyForDeploymentPostprocessing = 0;
		};
		E24A36B81BEEA96E008042E0 /* Sources */ = {
			isa = PBXSourcesBuildPhase;
			buildActionMask = 2147483647;
			files = (
				E24A36C11BEEA96E008042E0 /* spaceinvasionTests.swift in Sources */,
			);
			runOnlyForDeploymentPostprocessing = 0;
		};
		E24A36C31BEEA96E008042E0 /* Sources */ = {
			isa = PBXSourcesBuildPhase;
			buildActionMask = 2147483647;
			files = (
				E24A36CC1BEEA96E008042E0 /* spaceinvasionUITests.swift in Sources */,
			);
			runOnlyForDeploymentPostprocessing = 0;
		};
/* End PBXSourcesBuildPhase section */

/* Begin PBXTargetDependency section */
		E24A36BE1BEEA96E008042E0 /* PBXTargetDependency */ = {
			isa = PBXTargetDependency;
			target = E24A36A41BEEA96E008042E0 /* spaceinvasion */;
			targetProxy = E24A36BD1BEEA96E008042E0 /* PBXContainerItemProxy */;
		};
		E24A36C91BEEA96E008042E0 /* PBXTargetDependency */ = {
			isa = PBXTargetDependency;
			target = E24A36A41BEEA96E008042E0 /* spaceinvasion */;
			targetProxy = E24A36C81BEEA96E008042E0 /* PBXContainerItemProxy */;
		};
/* End PBXTargetDependency section */

/* Begin PBXVariantGroup section */
		E24A36B21BEEA96E008042E0 /* Main.storyboard */ = {
			isa = PBXVariantGroup;
			children = (
				E24A36B31BEEA96E008042E0 /* Base */,
			);
			name = Main.storyboard;
			sourceTree = "<group>";
		};
/* End PBXVariantGroup section */

/* Begin XCBuildConfiguration section */
		E24A36CE1BEEA96E008042E0 /* Debug */ = {
			isa = XCBuildConfiguration;
			buildSettings = {
				ALWAYS_SEARCH_USER_PATHS = NO;
				CLANG_CXX_LANGUAGE_STANDARD = "gnu++0x";
				CLANG_CXX_LIBRARY = "libc++";
				CLANG_ENABLE_MODULES = YES;
				CLANG_ENABLE_OBJC_ARC = YES;
				CLANG_WARN_BOOL_CONVERSION = YES;
				CLANG_WARN_CONSTANT_CONVERSION = YES;
				CLANG_WARN_DIRECT_OBJC_ISA_USAGE = YES_ERROR;
				CLANG_WARN_EMPTY_BODY = YES;
				CLANG_WARN_ENUM_CONVERSION = YES;
				CLANG_WARN_INT_CONVERSION = YES;
				CLANG_WARN_OBJC_ROOT_CLASS = YES_ERROR;
				CLANG_WARN_UNREACHABLE_CODE = YES;
				CLANG_WARN__DUPLICATE_METHOD_MATCH = YES;
				COPY_PHASE_STRIP = NO;
				DEBUG_INFORMATION_FORMAT = "dwarf-with-dsym";
				ENABLE_STRICT_OBJC_MSGSEND = YES;
				ENABLE_TESTABILITY = YES;
				GCC_C_LANGUAGE_STANDARD = gnu99;
				GCC_DYNAMIC_NO_PIC = NO;
				GCC_NO_COMMON_BLOCKS = YES;
				GCC_OPTIMIZATION_LEVEL = 0;
				GCC_PREPROCESSOR_DEFINITIONS = (
					"DEBUG=1",
					"$(inherited)",
				);
				GCC_WARN_64_TO_32_BIT_CONVERSION = YES;
				GCC_WARN_ABOUT_RETURN_TYPE = YES_ERROR;
				GCC_WARN_UNDECLARED_SELECTOR = YES;
				GCC_WARN_UNINITIALIZED_AUTOS = YES_AGGRESSIVE;
				GCC_WARN_UNUSED_FUNCTION = YES;
				GCC_WARN_UNUSED_VARIABLE = YES;
				MTL_ENABLE_DEBUG_INFO = YES;
				ONLY_ACTIVE_ARCH = YES;
				SDKROOT = appletvos;
				SWIFT_OPTIMIZATION_LEVEL = "-Onone";
				TARGETED_DEVICE_FAMILY = 3;
				TVOS_DEPLOYMENT_TARGET = 9.0;
			};
			name = Debug;
		};
		E24A36CF1BEEA96E008042E0 /* Release */ = {
			isa = XCBuildConfiguration;
			buildSettings = {
				ALWAYS_SEARCH_USER_PATHS = NO;
				CLANG_CXX_LANGUAGE_STANDARD = "gnu++0x";
				CLANG_CXX_LIBRARY = "libc++";
				CLANG_ENABLE_MODULES = YES;
				CLANG_ENABLE_OBJC_ARC = YES;
				CLANG_WARN_BOOL_CONVERSION = YES;
				CLANG_WARN_CONSTANT_CONVERSION = YES;
				CLANG_WARN_DIRECT_OBJC_ISA_USAGE = YES_ERROR;
				CLANG_WARN_EMPTY_BODY = YES;
				CLANG_WARN_ENUM_CONVERSION = YES;
				CLANG_WARN_INT_CONVERSION = YES;
				CLANG_WARN_OBJC_ROOT_CLASS = YES_ERROR;
				CLANG_WARN_UNREACHABLE_CODE = YES;
				CLANG_WARN__DUPLICATE_METHOD_MATCH = YES;
				COPY_PHASE_STRIP = NO;
				DEBUG_INFORMATION_FORMAT = "dwarf-with-dsym";
				ENABLE_NS_ASSERTIONS = NO;
				ENABLE_STRICT_OBJC_MSGSEND = YES;
				GCC_C_LANGUAGE_STANDARD = gnu99;
				GCC_NO_COMMON_BLOCKS = YES;
				GCC_WARN_64_TO_32_BIT_CONVERSION = YES;
				GCC_WARN_ABOUT_RETURN_TYPE = YES_ERROR;
				GCC_WARN_UNDECLARED_SELECTOR = YES;
				GCC_WARN_UNINITIALIZED_AUTOS = YES_AGGRESSIVE;
				GCC_WARN_UNUSED_FUNCTION = YES;
				GCC_WARN_UNUSED_VARIABLE = YES;
				MTL_ENABLE_DEBUG_INFO = NO;
				SDKROOT = appletvos;
				TARGETED_DEVICE_FAMILY = 3;
				TVOS_DEPLOYMENT_TARGET = 9.0;
				VALIDATE_PRODUCT = YES;
			};
			name = Release;
		};
		E24A36D11BEEA96E008042E0 /* Debug */ = {
			isa = XCBuildConfiguration;
			buildSettings = {
				ASSETCATALOG_COMPILER_APPICON_NAME = "App Icon & Top Shelf Image";
				ASSETCATALOG_COMPILER_LAUNCHIMAGE_NAME = LaunchImage;
				INFOPLIST_FILE = spaceinvasion/Info.plist;
				LD_RUNPATH_SEARCH_PATHS = "$(inherited) @executable_path/Frameworks";
				PRODUCT_BUNDLE_IDENTIFIER = com.bayougames.spaceinvasion;
				PRODUCT_NAME = "$(TARGET_NAME)";
			};
			name = Debug;
		};
		E24A36D21BEEA96E008042E0 /* Release */ = {
			isa = XCBuildConfiguration;
			buildSettings = {
				ASSETCATALOG_COMPILER_APPICON_NAME = "App Icon & Top Shelf Image";
				ASSETCATALOG_COMPILER_LAUNCHIMAGE_NAME = LaunchImage;
				INFOPLIST_FILE = spaceinvasion/Info.plist;
				LD_RUNPATH_SEARCH_PATHS = "$(inherited) @executable_path/Frameworks";
				PRODUCT_BUNDLE_IDENTIFIER = com.bayougames.spaceinvasion;
				PRODUCT_NAME = "$(TARGET_NAME)";
			};
			name = Release;
		};
		E24A36D41BEEA96E008042E0 /* Debug */ = {
			isa = XCBuildConfiguration;
			buildSettings = {
				BUNDLE_LOADER = "$(TEST_HOST)";
				DEBUG_INFORMATION_FORMAT = dwarf;
				INFOPLIST_FILE = spaceinvasionTests/Info.plist;
				LD_RUNPATH_SEARCH_PATHS = "$(inherited) @executable_path/Frameworks @loader_path/Frameworks";
				PRODUCT_BUNDLE_IDENTIFIER = com.bayougames.spaceinvasionTests;
				PRODUCT_NAME = "$(TARGET_NAME)";
				TEST_HOST = "$(BUILT_PRODUCTS_DIR)/spaceinvasion.app/spaceinvasion";
			};
			name = Debug;
		};
		E24A36D51BEEA96E008042E0 /* Release */ = {
			isa = XCBuildConfiguration;
			buildSettings = {
				BUNDLE_LOADER = "$(TEST_HOST)";
				INFOPLIST_FILE = spaceinvasionTests/Info.plist;
				LD_RUNPATH_SEARCH_PATHS = "$(inherited) @executable_path/Frameworks @loader_path/Frameworks";
				PRODUCT_BUNDLE_IDENTIFIER = com.bayougames.spaceinvasionTests;
				PRODUCT_NAME = "$(TARGET_NAME)";
				TEST_HOST = "$(BUILT_PRODUCTS_DIR)/spaceinvasion.app/spaceinvasion";
			};
			name = Release;
		};
		E24A36D71BEEA96E008042E0 /* Debug */ = {
			isa = XCBuildConfiguration;
			buildSettings = {
				DEBUG_INFORMATION_FORMAT = dwarf;
				INFOPLIST_FILE = spaceinvasionUITests/Info.plist;
				LD_RUNPATH_SEARCH_PATHS = "$(inherited) @executable_path/Frameworks @loader_path/Frameworks";
				PRODUCT_BUNDLE_IDENTIFIER = com.bayougames.spaceinvasionUITests;
				PRODUCT_NAME = "$(TARGET_NAME)";
				TEST_TARGET_NAME = spaceinvasion;
				USES_XCTRUNNER = YES;
			};
			name = Debug;
		};
		E24A36D81BEEA96E008042E0 /* Release */ = {
			isa = XCBuildConfiguration;
			buildSettings = {
				INFOPLIST_FILE = spaceinvasionUITests/Info.plist;
				LD_RUNPATH_SEARCH_PATHS = "$(inherited) @executable_path/Frameworks @loader_path/Frameworks";
				PRODUCT_BUNDLE_IDENTIFIER = com.bayougames.spaceinvasionUITests;
				PRODUCT_NAME = "$(TARGET_NAME)";
				TEST_TARGET_NAME = spaceinvasion;
				USES_XCTRUNNER = YES;
			};
			name = Release;
		};
/* End XCBuildConfiguration section */

/* Begin XCConfigurationList section */
		E24A36A01BEEA96E008042E0 /* Build configuration list for PBXProject "spaceinvasion" */ = {
			isa = XCConfigurationList;
			buildConfigurations = (
				E24A36CE1BEEA96E008042E0 /* Debug */,
				E24A36CF1BEEA96E008042E0 /* Release */,
			);
			defaultConfigurationIsVisible = 0;
			defaultConfigurationName = Release;
		};
		E24A36D01BEEA96E008042E0 /* Build configuration list for PBXNativeTarget "spaceinvasion" */ = {
			isa = XCConfigurationList;
			buildConfigurations = (
				E24A36D11BEEA96E008042E0 /* Debug */,
				E24A36D21BEEA96E008042E0 /* Release */,
			);
			defaultConfigurationIsVisible = 0;
			defaultConfigurationName = Release;
		};
		E24A36D31BEEA96E008042E0 /* Build configuration list for PBXNativeTarget "spaceinvasionTests" */ = {
			isa = XCConfigurationList;
			buildConfigurations = (
				E24A36D41BEEA96E008042E0 /* Debug */,
				E24A36D51BEEA96E008042E0 /* Release */,
			);
			defaultConfigurationIsVisible = 0;
			defaultConfigurationName = Release;
		};
		E24A36D61BEEA96E008042E0 /* Build configuration list for PBXNativeTarget "spaceinvasionUITests" */ = {
			isa = XCConfigurationList;
			buildConfigurations = (
				E24A36D71BEEA96E008042E0 /* Debug */,
				E24A36D81BEEA96E008042E0 /* Release */,
			);
			defaultConfigurationIsVisible = 0;
			defaultConfigurationName = Release;
		};
/* End XCConfigurationList section */
	};
	rootObject = E24A369D1BEEA96E008042E0 /* Project object */;
}
